<Solution>
  <Project Path="Common\Common.csproj" Type="Classic C#" />
  <Project Path="Common.Tests\Common.Tests.csproj" Type="Classic C#" />
  <Project Path="DynamicLinq\DynamicLinq.csproj" Type="Classic C#" />
  <Project Path="DynamicLinq.Tests\DynamicLinq.Tests.csproj" Type="Classic C#" />
</Solution>